
Microsoft Visual Studio Solution File, Format Version 12.00
# Visual Studio Version 17
VisualStudioVersion = 17.8.34511.84
MinimumVisualStudioVersion = 10.0.40219.1
Project("{2150E333-8FDC-42A3-9474-1A3956D46DE8}") = "src", "src", "{D9C714C4-54ED-498A-A1CF-2D02A7C50B07}"
EndProject
Project("{FAE04EC0-301F-11D3-BF4B-00C04F79EFBC}") = "MaxiShop.Web", "MaxiShop.Web\MaxiShop.Web.csproj", "{C5E650E4-99F6-4B49-ADD8-4734F9E9DB2E}"
EndProject
Global
	GlobalSection(SolutionConfigurationPlatforms) = preSolution
		Debug|Any CPU = Debug|Any CPU
		Release|Any CPU = Release|Any CPU
	EndGlobalSection
	GlobalSection(ProjectConfigurationPlatforms) = postSolution
		{C5E650E4-99F6-4B49-ADD8-4734F9E9DB2E}.Debug|Any CPU.ActiveCfg = Debug|Any CPU
		{C5E650E4-99F6-4B49-ADD8-4734F9E9DB2E}.Debug|Any CPU.Build.0 = Debug|Any CPU
		{C5E650E4-99F6-4B49-ADD8-4734F9E9DB2E}.Release|Any CPU.ActiveCfg = Release|Any CPU
		{C5E650E4-99F6-4B49-ADD8-4734F9E9DB2E}.Release|Any CPU.Build.0 = Release|Any CPU
	EndGlobalSection
	GlobalSection(SolutionProperties) = preSolution
		HideSolutionNode = FALSE
	EndGlobalSection
	GlobalSection(NestedProjects) = preSolution
		{C5E650E4-99F6-4B49-ADD8-4734F9E9DB2E} = {D9C714C4-54ED-498A-A1CF-2D02A7C50B07}
	EndGlobalSection
	GlobalSection(ExtensibilityGlobals) = postSolution
		SolutionGuid = {567F1317-AE75-4AFF-A37D-06BAC44FAE3F}
	EndGlobalSection
EndGlobal
